
Microsoft Visual Studio Solution File, Format Version 12.00
# Visual Studio Version 16
VisualStudioVersion = 16.0.29230.47
MinimumVisualStudioVersion = 10.0.40219.1
Project("{FAE04EC0-301F-11D3-BF4B-00C04F79EFBC}") = "WindowsFormsControlLibrary2", "WindowsFormsControlLibrary2\WindowsFormsControlLibrary2.csproj", "{31AE5AF3-40B6-46CC-9B0C-19DCD75452FB}"
EndProject
Global
	GlobalSection(SolutionConfigurationPlatforms) = preSolution
		Debug|Any CPU = Debug|Any CPU
		Release|Any CPU = Release|Any CPU
	EndGlobalSection
	GlobalSection(ProjectConfigurationPlatforms) = postSolution
		{31AE5AF3-40B6-46CC-9B0C-19DCD75452FB}.Debug|Any CPU.ActiveCfg = Debug|Any CPU
		{31AE5AF3-40B6-46CC-9B0C-19DCD75452FB}.Debug|Any CPU.Build.0 = Debug|Any CPU
		{31AE5AF3-40B6-46CC-9B0C-19DCD75452FB}.Release|Any CPU.ActiveCfg = Release|Any CPU
		{31AE5AF3-40B6-46CC-9B0C-19DCD75452FB}.Release|Any CPU.Build.0 = Release|Any CPU
	EndGlobalSection
	GlobalSection(SolutionProperties) = preSolution
		HideSolutionNode = FALSE
	EndGlobalSection
	GlobalSection(ExtensibilityGlobals) = postSolution
		SolutionGuid = {0DCE5FF0-183C-4DBA-A7DF-3A2EDEF727AB}
	EndGlobalSection
EndGlobal
