
Microsoft Visual Studio Solution File, Format Version 12.00
# Visual Studio Version 16
VisualStudioVersion = 16.0.29230.47
MinimumVisualStudioVersion = 10.0.40219.1
Project("{FAE04EC0-301F-11D3-BF4B-00C04F79EFBC}") = "WindowsFormsApp11", "WindowsFormsApp11\WindowsFormsApp11.csproj", "{70865D94-37DF-4459-BEE8-1922B932EB84}"
EndProject
Global
	GlobalSection(SolutionConfigurationPlatforms) = preSolution
		Debug|Any CPU = Debug|Any CPU
		Release|Any CPU = Release|Any CPU
	EndGlobalSection
	GlobalSection(ProjectConfigurationPlatforms) = postSolution
		{70865D94-37DF-4459-BEE8-1922B932EB84}.Debug|Any CPU.ActiveCfg = Debug|Any CPU
		{70865D94-37DF-4459-BEE8-1922B932EB84}.Debug|Any CPU.Build.0 = Debug|Any CPU
		{70865D94-37DF-4459-BEE8-1922B932EB84}.Release|Any CPU.ActiveCfg = Release|Any CPU
		{70865D94-37DF-4459-BEE8-1922B932EB84}.Release|Any CPU.Build.0 = Release|Any CPU
	EndGlobalSection
	GlobalSection(SolutionProperties) = preSolution
		HideSolutionNode = FALSE
	EndGlobalSection
	GlobalSection(ExtensibilityGlobals) = postSolution
		SolutionGuid = {A3326883-0D7E-4296-9F82-4669AEEB9B51}
	EndGlobalSection
EndGlobal
