
Microsoft Visual Studio Solution File, Format Version 12.00
# Visual Studio Version 16
VisualStudioVersion = 16.0.29230.47
MinimumVisualStudioVersion = 10.0.40219.1
Project("{FAE04EC0-301F-11D3-BF4B-00C04F79EFBC}") = "WindowsFormsControlLibrary1", "WindowsFormsControlLibrary1\WindowsFormsControlLibrary1.csproj", "{1C95BE79-92CA-41FF-8A97-46C281D2868D}"
EndProject
Global
	GlobalSection(SolutionConfigurationPlatforms) = preSolution
		Debug|Any CPU = Debug|Any CPU
		Release|Any CPU = Release|Any CPU
	EndGlobalSection
	GlobalSection(ProjectConfigurationPlatforms) = postSolution
		{1C95BE79-92CA-41FF-8A97-46C281D2868D}.Debug|Any CPU.ActiveCfg = Debug|Any CPU
		{1C95BE79-92CA-41FF-8A97-46C281D2868D}.Debug|Any CPU.Build.0 = Debug|Any CPU
		{1C95BE79-92CA-41FF-8A97-46C281D2868D}.Release|Any CPU.ActiveCfg = Release|Any CPU
		{1C95BE79-92CA-41FF-8A97-46C281D2868D}.Release|Any CPU.Build.0 = Release|Any CPU
	EndGlobalSection
	GlobalSection(SolutionProperties) = preSolution
		HideSolutionNode = FALSE
	EndGlobalSection
	GlobalSection(ExtensibilityGlobals) = postSolution
		SolutionGuid = {3E0E4C8B-3940-481F-ACC8-649C5F572B13}
	EndGlobalSection
EndGlobal
