
Microsoft Visual Studio Solution File, Format Version 12.00
# Visual Studio Version 16
VisualStudioVersion = 16.0.29001.49
MinimumVisualStudioVersion = 10.0.40219.1
Project("{FAE04EC0-301F-11D3-BF4B-00C04F79EFBC}") = "ConsoleApp5", "ConsoleApp5\ConsoleApp5.csproj", "{B41A0CC2-AC5C-42F0-9820-34C3D3E49C34}"
EndProject
Global
	GlobalSection(SolutionConfigurationPlatforms) = preSolution
		Debug|Any CPU = Debug|Any CPU
		Release|Any CPU = Release|Any CPU
	EndGlobalSection
	GlobalSection(ProjectConfigurationPlatforms) = postSolution
		{B41A0CC2-AC5C-42F0-9820-34C3D3E49C34}.Debug|Any CPU.ActiveCfg = Debug|Any CPU
		{B41A0CC2-AC5C-42F0-9820-34C3D3E49C34}.Debug|Any CPU.Build.0 = Debug|Any CPU
		{B41A0CC2-AC5C-42F0-9820-34C3D3E49C34}.Release|Any CPU.ActiveCfg = Release|Any CPU
		{B41A0CC2-AC5C-42F0-9820-34C3D3E49C34}.Release|Any CPU.Build.0 = Release|Any CPU
	EndGlobalSection
	GlobalSection(SolutionProperties) = preSolution
		HideSolutionNode = FALSE
	EndGlobalSection
	GlobalSection(ExtensibilityGlobals) = postSolution
		SolutionGuid = {1959A1C9-69E1-40DD-B703-DD3F6C5BEB6D}
	EndGlobalSection
EndGlobal
